
Microsoft Visual Studio Solution File, Format Version 12.00
# Visual Studio Version 17
VisualStudioVersion = 17.0.32014.148
MinimumVisualStudioVersion = 10.0.40219.1
Project("{9A19103F-16F7-4668-BE54-9A1E7A4F7556}") = "StockChatroom.Server", "src\Server\StockChatroom.Server.csproj", "{D15D4518-E603-4BED-8558-18883CE89B93}"
EndProject
Project("{9A19103F-16F7-4668-BE54-9A1E7A4F7556}") = "StockChatroom.Client", "src\Client\StockChatroom.Client.csproj", "{622700F7-2C56-4962-B1E5-D73504236480}"
EndProject
Project("{9A19103F-16F7-4668-BE54-9A1E7A4F7556}") = "StockChatroom.Shared", "src\Shared\StockChatroom.Shared.csproj", "{DD8CC7DE-C7AF-4025-9332-018E397E8D97}"
EndProject
Project("{E53339B2-1760-4266-BCC7-CA923CBCF16C}") = "docker-compose", "docker-compose.dcproj", "{E5B64D2C-8081-41FB-A916-A08325FCD14A}"
EndProject
Project("{2150E333-8FDC-42A3-9474-1A3956D46DE8}") = "Web", "Web", "{2AFB1B93-5B4C-4C4A-84B6-7C992F105FD1}"
EndProject
Project("{2150E333-8FDC-42A3-9474-1A3956D46DE8}") = "Application", "Application", "{4A88216B-EEB7-4536-88C1-C607D1FC6D90}"
EndProject
Project("{2150E333-8FDC-42A3-9474-1A3956D46DE8}") = "Infrastructure", "Infrastructure", "{9407B667-C825-496C-8FB5-7068FEA9F92A}"
EndProject
Project("{2150E333-8FDC-42A3-9474-1A3956D46DE8}") = "Domain", "Domain", "{56FD1256-5EBA-4ED7-9CC8-27F4E42F1659}"
EndProject
Project("{9A19103F-16F7-4668-BE54-9A1E7A4F7556}") = "StockChatroom.Infrastructure.Data", "src\StockChatroom.Infrastructure.Data\StockChatroom.Infrastructure.Data.csproj", "{D92B636B-76DD-4F3D-8C4E-2FBE350C7E89}"
EndProject
Project("{9A19103F-16F7-4668-BE54-9A1E7A4F7556}") = "StockChatroom.Domain", "src\StockChatroom.Domain\StockChatroom.Domain.csproj", "{37FABD31-0ED7-4C14-B906-61ACBC2842DC}"
EndProject
Project("{9A19103F-16F7-4668-BE54-9A1E7A4F7556}") = "StockChatroom.Application", "src\StockChatroom.Application\StockChatroom.Application.csproj", "{5016AE62-23D8-4F81-98EE-3752370502A9}"
EndProject
Project("{2150E333-8FDC-42A3-9474-1A3956D46DE8}") = "Tests", "Tests", "{EC979C70-BAFE-41D3-9F28-54995EA9EB06}"
EndProject
Project("{FAE04EC0-301F-11D3-BF4B-00C04F79EFBC}") = "StockChatroom.Application.UnitTests", "tests\StockChatroom.Application.UnitTests\StockChatroom.Application.UnitTests.csproj", "{9D5DDB21-72B3-485E-93CA-1566C3B1BE7C}"
EndProject
Global
	GlobalSection(SolutionConfigurationPlatforms) = preSolution
		Debug|Any CPU = Debug|Any CPU
		Release|Any CPU = Release|Any CPU
	EndGlobalSection
	GlobalSection(ProjectConfigurationPlatforms) = postSolution
		{D15D4518-E603-4BED-8558-18883CE89B93}.Debug|Any CPU.ActiveCfg = Debug|Any CPU
		{D15D4518-E603-4BED-8558-18883CE89B93}.Debug|Any CPU.Build.0 = Debug|Any CPU
		{D15D4518-E603-4BED-8558-18883CE89B93}.Release|Any CPU.ActiveCfg = Release|Any CPU
		{D15D4518-E603-4BED-8558-18883CE89B93}.Release|Any CPU.Build.0 = Release|Any CPU
		{622700F7-2C56-4962-B1E5-D73504236480}.Debug|Any CPU.ActiveCfg = Debug|Any CPU
		{622700F7-2C56-4962-B1E5-D73504236480}.Debug|Any CPU.Build.0 = Debug|Any CPU
		{622700F7-2C56-4962-B1E5-D73504236480}.Release|Any CPU.ActiveCfg = Release|Any CPU
		{622700F7-2C56-4962-B1E5-D73504236480}.Release|Any CPU.Build.0 = Release|Any CPU
		{DD8CC7DE-C7AF-4025-9332-018E397E8D97}.Debug|Any CPU.ActiveCfg = Debug|Any CPU
		{DD8CC7DE-C7AF-4025-9332-018E397E8D97}.Debug|Any CPU.Build.0 = Debug|Any CPU
		{DD8CC7DE-C7AF-4025-9332-018E397E8D97}.Release|Any CPU.ActiveCfg = Release|Any CPU
		{DD8CC7DE-C7AF-4025-9332-018E397E8D97}.Release|Any CPU.Build.0 = Release|Any CPU
		{E5B64D2C-8081-41FB-A916-A08325FCD14A}.Debug|Any CPU.ActiveCfg = Debug|Any CPU
		{E5B64D2C-8081-41FB-A916-A08325FCD14A}.Debug|Any CPU.Build.0 = Debug|Any CPU
		{E5B64D2C-8081-41FB-A916-A08325FCD14A}.Release|Any CPU.ActiveCfg = Release|Any CPU
		{E5B64D2C-8081-41FB-A916-A08325FCD14A}.Release|Any CPU.Build.0 = Release|Any CPU
		{D92B636B-76DD-4F3D-8C4E-2FBE350C7E89}.Debug|Any CPU.ActiveCfg = Debug|Any CPU
		{D92B636B-76DD-4F3D-8C4E-2FBE350C7E89}.Debug|Any CPU.Build.0 = Debug|Any CPU
		{D92B636B-76DD-4F3D-8C4E-2FBE350C7E89}.Release|Any CPU.ActiveCfg = Release|Any CPU
		{D92B636B-76DD-4F3D-8C4E-2FBE350C7E89}.Release|Any CPU.Build.0 = Release|Any CPU
		{37FABD31-0ED7-4C14-B906-61ACBC2842DC}.Debug|Any CPU.ActiveCfg = Debug|Any CPU
		{37FABD31-0ED7-4C14-B906-61ACBC2842DC}.Debug|Any CPU.Build.0 = Debug|Any CPU
		{37FABD31-0ED7-4C14-B906-61ACBC2842DC}.Release|Any CPU.ActiveCfg = Release|Any CPU
		{37FABD31-0ED7-4C14-B906-61ACBC2842DC}.Release|Any CPU.Build.0 = Release|Any CPU
		{5016AE62-23D8-4F81-98EE-3752370502A9}.Debug|Any CPU.ActiveCfg = Debug|Any CPU
		{5016AE62-23D8-4F81-98EE-3752370502A9}.Debug|Any CPU.Build.0 = Debug|Any CPU
		{5016AE62-23D8-4F81-98EE-3752370502A9}.Release|Any CPU.ActiveCfg = Release|Any CPU
		{5016AE62-23D8-4F81-98EE-3752370502A9}.Release|Any CPU.Build.0 = Release|Any CPU
		{9D5DDB21-72B3-485E-93CA-1566C3B1BE7C}.Debug|Any CPU.ActiveCfg = Debug|Any CPU
		{9D5DDB21-72B3-485E-93CA-1566C3B1BE7C}.Debug|Any CPU.Build.0 = Debug|Any CPU
		{9D5DDB21-72B3-485E-93CA-1566C3B1BE7C}.Release|Any CPU.ActiveCfg = Release|Any CPU
		{9D5DDB21-72B3-485E-93CA-1566C3B1BE7C}.Release|Any CPU.Build.0 = Release|Any CPU
	EndGlobalSection
	GlobalSection(SolutionProperties) = preSolution
		HideSolutionNode = FALSE
	EndGlobalSection
	GlobalSection(NestedProjects) = preSolution
		{D15D4518-E603-4BED-8558-18883CE89B93} = {2AFB1B93-5B4C-4C4A-84B6-7C992F105FD1}
		{622700F7-2C56-4962-B1E5-D73504236480} = {2AFB1B93-5B4C-4C4A-84B6-7C992F105FD1}
		{DD8CC7DE-C7AF-4025-9332-018E397E8D97} = {2AFB1B93-5B4C-4C4A-84B6-7C992F105FD1}
		{D92B636B-76DD-4F3D-8C4E-2FBE350C7E89} = {9407B667-C825-496C-8FB5-7068FEA9F92A}
		{37FABD31-0ED7-4C14-B906-61ACBC2842DC} = {56FD1256-5EBA-4ED7-9CC8-27F4E42F1659}
		{5016AE62-23D8-4F81-98EE-3752370502A9} = {4A88216B-EEB7-4536-88C1-C607D1FC6D90}
		{EC979C70-BAFE-41D3-9F28-54995EA9EB06} = {4A88216B-EEB7-4536-88C1-C607D1FC6D90}
		{9D5DDB21-72B3-485E-93CA-1566C3B1BE7C} = {EC979C70-BAFE-41D3-9F28-54995EA9EB06}
	EndGlobalSection
	GlobalSection(ExtensibilityGlobals) = postSolution
		SolutionGuid = {53AC5841-EA2E-4EF3-A73A-C088C20DEB7F}
	EndGlobalSection
EndGlobal
